
Microsoft Visual Studio Solution File, Format Version 12.00
# Visual Studio Version 16
VisualStudioVersion = 16.0.29728.190
MinimumVisualStudioVersion = 10.0.40219.1
Project("{9A19103F-16F7-4668-BE54-9A1E7A4F7556}") = "ComparisonTech.API", "ComparisonTech.API\ComparisonTech.API.csproj", "{A5909FF5-2B7E-4F47-8AD0-E2D1D3547F10}"
EndProject
Project("{FAE04EC0-301F-11D3-BF4B-00C04F79EFBC}") = "ComparisonTech.Persistence", "ComparisonTech.Persistence\ComparisonTech.Persistence.csproj", "{EE08B23C-8BA6-4CA3-89E1-D209BE123909}"
EndProject
Project("{FAE04EC0-301F-11D3-BF4B-00C04F79EFBC}") = "ComparisonTech.API.Tests", "ComparisonTech.API.Tests\ComparisonTech.API.Tests.csproj", "{810DEFAF-0300-4422-A49C-086212593C3F}"
EndProject
Global
	GlobalSection(SolutionConfigurationPlatforms) = preSolution
		Debug|Any CPU = Debug|Any CPU
		Release|Any CPU = Release|Any CPU
	EndGlobalSection
	GlobalSection(ProjectConfigurationPlatforms) = postSolution
		{A5909FF5-2B7E-4F47-8AD0-E2D1D3547F10}.Debug|Any CPU.ActiveCfg = Debug|Any CPU
		{A5909FF5-2B7E-4F47-8AD0-E2D1D3547F10}.Debug|Any CPU.Build.0 = Debug|Any CPU
		{A5909FF5-2B7E-4F47-8AD0-E2D1D3547F10}.Release|Any CPU.ActiveCfg = Release|Any CPU
		{A5909FF5-2B7E-4F47-8AD0-E2D1D3547F10}.Release|Any CPU.Build.0 = Release|Any CPU
		{EE08B23C-8BA6-4CA3-89E1-D209BE123909}.Debug|Any CPU.ActiveCfg = Debug|Any CPU
		{EE08B23C-8BA6-4CA3-89E1-D209BE123909}.Debug|Any CPU.Build.0 = Debug|Any CPU
		{EE08B23C-8BA6-4CA3-89E1-D209BE123909}.Release|Any CPU.ActiveCfg = Release|Any CPU
		{EE08B23C-8BA6-4CA3-89E1-D209BE123909}.Release|Any CPU.Build.0 = Release|Any CPU
		{810DEFAF-0300-4422-A49C-086212593C3F}.Debug|Any CPU.ActiveCfg = Debug|Any CPU
		{810DEFAF-0300-4422-A49C-086212593C3F}.Debug|Any CPU.Build.0 = Debug|Any CPU
		{810DEFAF-0300-4422-A49C-086212593C3F}.Release|Any CPU.ActiveCfg = Release|Any CPU
		{810DEFAF-0300-4422-A49C-086212593C3F}.Release|Any CPU.Build.0 = Release|Any CPU
	EndGlobalSection
	GlobalSection(SolutionProperties) = preSolution
		HideSolutionNode = FALSE
	EndGlobalSection
	GlobalSection(ExtensibilityGlobals) = postSolution
		SolutionGuid = {80481175-4ADC-48C9-84F1-630A25ACD823}
	EndGlobalSection
EndGlobal
